// !$*UTF8*$!
{
	archiveVersion = 1;
	classes = {
	};
	objectVersion = 46;
	objects = {

/* Begin PBXBuildFile section */
		03F8AFB11B14425A0055352C /* AppDelegate.swift in Sources */ = {isa = PBXBuildFile; fileRef = 03F8AFB01B14425A0055352C /* AppDelegate.swift */; };
		03F8AFB41B14425A0055352C /* popOver.xcdatamodeld in Sources */ = {isa = PBXBuildFile; fileRef = 03F8AFB21B14425A0055352C /* popOver.xcdatamodeld */; };
		03F8AFB61B14425A0055352C /* ViewController.swift in Sources */ = {isa = PBXBuildFile; fileRef = 03F8AFB51B14425A0055352C /* ViewController.swift */; };
		03F8AFB91B14425A0055352C /* Main.storyboard in Resources */ = {isa = PBXBuildFile; fileRef = 03F8AFB71B14425A0055352C /* Main.storyboard */; };
		03F8AFBB1B14425A0055352C /* Images.xcassets in Resources */ = {isa = PBXBuildFile; fileRef = 03F8AFBA1B14425A0055352C /* Images.xcassets */; };
		03F8AFBE1B14425A0055352C /* LaunchScreen.xib in Resources */ = {isa = PBXBuildFile; fileRef = 03F8AFBC1B14425A0055352C /* LaunchScreen.xib */; };
		03F8AFCA1B14425B0055352C /* popOverTests.swift in Sources */ = {isa = PBXBuildFile; fileRef = 03F8AFC91B14425B0055352C /* popOverTests.swift */; };
/* End PBXBuildFile section */

/* Begin PBXContainerItemProxy section */
		03F8AFC41B14425B0055352C /* PBXContainerItemProxy */ = {
			isa = PBXContainerItemProxy;
			containerPortal = 03F8AFA31B14425A0055352C /* Project object */;
			proxyType = 1;
			remoteGlobalIDString = 03F8AFAA1B14425A0055352C;
			remoteInfo = popOver;
		};
/* End PBXContainerItemProxy section */

/* Begin PBXFileReference section */
		03F8AFAB1B14425A0055352C /* popOver.app */ = {isa = PBXFileReference; explicitFileType = wrapper.application; includeInIndex = 0; path = popOver.app; sourceTree = BUILT_PRODUCTS_DIR; };
		03F8AFAF1B14425A0055352C /* Info.plist */ = {isa = PBXFileReference; lastKnownFileType = text.plist.xml; path = Info.plist; sourceTree = "<group>"; };
		03F8AFB01B14425A0055352C /* AppDelegate.swift */ = {isa = PBXFileReference; lastKnownFileType = sourcecode.swift; path = AppDelegate.swift; sourceTree = "<group>"; };
		03F8AFB31B14425A0055352C /* popOver.xcdatamodel */ = {isa = PBXFileReference; lastKnownFileType = wrapper.xcdatamodel; path = popOver.xcdatamodel; sourceTree = "<group>"; };
		03F8AFB51B14425A0055352C /* ViewController.swift */ = {isa = PBXFileReference; lastKnownFileType = sourcecode.swift; path = ViewController.swift; sourceTree = "<group>"; };
		03F8AFB81B14425A0055352C /* Base */ = {isa = PBXFileReference; lastKnownFileType = file.storyboard; name = Base; path = Base.lproj/Main.storyboard; sourceTree = "<group>"; };
		03F8AFBA1B14425A0055352C /* Images.xcassets */ = {isa = PBXFileReference; lastKnownFileType = folder.assetcatalog; path = Images.xcassets; sourceTree = "<group>"; };
		03F8AFBD1B14425A0055352C /* Base */ = {isa = PBXFileReference; lastKnownFileType = file.xib; name = Base; path = Base.lproj/LaunchScreen.xib; sourceTree = "<group>"; };
		03F8AFC31B14425B0055352C /* popOverTests.xctest */ = {isa = PBXFileReference; explicitFileType = wrapper.cfbundle; includeInIndex = 0; path = popOverTests.xctest; sourceTree = BUILT_PRODUCTS_DIR; };
		03F8AFC81B14425B0055352C /* Info.plist */ = {isa = PBXFileReference; lastKnownFileType = text.plist.xml; path = Info.plist; sourceTree = "<group>"; };
		03F8AFC91B14425B0055352C /* popOverTests.swift */ = {isa = PBXFileReference; lastKnownFileType = sourcecode.swift; path = popOverTests.swift; sourceTree = "<group>"; };
/* End PBXFileReference section */

/* Begin PBXFrameworksBuildPhase section */
		03F8AFA81B14425A0055352C /* Frameworks */ = {
			isa = PBXFrameworksBuildPhase;
			buildActionMask = 2147483647;
			files = (
			);
			runOnlyForDeploymentPostprocessing = 0;
		};
		03F8AFC01B14425B0055352C /* Frameworks */ = {
			isa = PBXFrameworksBuildPhase;
			buildActionMask = 2147483647;
			files = (
			);
			runOnlyForDeploymentPostprocessing = 0;
		};
/* End PBXFrameworksBuildPhase section */

/* Begin PBXGroup section */
		03F8AFA21B14425A0055352C = {
			isa = PBXGroup;
			children = (
				03F8AFAD1B14425A0055352C /* popOver */,
				03F8AFC61B14425B0055352C /* popOverTests */,
				03F8AFAC1B14425A0055352C /* Products */,
			);
			sourceTree = "<group>";
		};
		03F8AFAC1B14425A0055352C /* Products */ = {
			isa = PBXGroup;
			children = (
				03F8AFAB1B14425A0055352C /* popOver.app */,
				03F8AFC31B14425B0055352C /* popOverTests.xctest */,
			);
			name = Products;
			sourceTree = "<group>";
		};
		03F8AFAD1B14425A0055352C /* popOver */ = {
			isa = PBXGroup;
			children = (
				03F8AFB01B14425A0055352C /* AppDelegate.swift */,
				03F8AFB51B14425A0055352C /* ViewController.swift */,
				03F8AFB71B14425A0055352C /* Main.storyboard */,
				03F8AFBA1B14425A0055352C /* Images.xcassets */,
				03F8AFBC1B14425A0055352C /* LaunchScreen.xib */,
				03F8AFB21B14425A0055352C /* popOver.xcdatamodeld */,
				03F8AFAE1B14425A0055352C /* Supporting Files */,
			);
			path = popOver;
			sourceTree = "<group>";
		};
		03F8AFAE1B14425A0055352C /* Supporting Files */ = {
			isa = PBXGroup;
			children = (
				03F8AFAF1B14425A0055352C /* Info.plist */,
			);
			name = "Supporting Files";
			sourceTree = "<group>";
		};
		03F8AFC61B14425B0055352C /* popOverTests */ = {
			isa = PBXGroup;
			children = (
				03F8AFC91B14425B0055352C /* popOverTests.swift */,
				03F8AFC71B14425B0055352C /* Supporting Files */,
			);
			path = popOverTests;
			sourceTree = "<group>";
		};
		03F8AFC71B14425B0055352C /* Supporting Files */ = {
			isa = PBXGroup;
			children = (
				03F8AFC81B14425B0055352C /* Info.plist */,
			);
			name = "Supporting Files";
			sourceTree = "<group>";
		};
/* End PBXGroup section */

/* Begin PBXNativeTarget section */
		03F8AFAA1B14425A0055352C /* popOver */ = {
			isa = PBXNativeTarget;
			buildConfigurationList = 03F8AFCD1B14425B0055352C /* Build configuration list for PBXNativeTarget "popOver" */;
			buildPhases = (
				03F8AFA71B14425A0055352C /* Sources */,
				03F8AFA81B14425A0055352C /* Frameworks */,
				03F8AFA91B14425A0055352C /* Resources */,
			);
			buildRules = (
			);
			dependencies = (
			);
			name = popOver;
			productName = popOver;
			productReference = 03F8AFAB1B14425A0055352C /* popOver.app */;
			productType = "com.apple.product-type.application";
		};
		03F8AFC21B14425B0055352C /* popOverTests */ = {
			isa = PBXNativeTarget;
			buildConfigurationList = 03F8AFD01B14425B0055352C /* Build configuration list for PBXNativeTarget "popOverTests" */;
			buildPhases = (
				03F8AFBF1B14425B0055352C /* Sources */,
				03F8AFC01B14425B0055352C /* Frameworks */,
				03F8AFC11B14425B0055352C /* Resources */,
			);
			buildRules = (
			);
			dependencies = (
				03F8AFC51B14425B0055352C /* PBXTargetDependency */,
			);
			name = popOverTests;
			productName = popOverTests;
			productReference = 03F8AFC31B14425B0055352C /* popOverTests.xctest */;
			productType = "com.apple.product-type.bundle.unit-test";
		};
/* End PBXNativeTarget section */

/* Begin PBXProject section */
		03F8AFA31B14425A0055352C /* Project object */ = {
			isa = PBXProject;
			attributes = {
				LastUpgradeCheck = 0630;
				ORGANIZATIONNAME = "Antony Yang";
				TargetAttributes = {
					03F8AFAA1B14425A0055352C = {
						CreatedOnToolsVersion = 6.3.2;
					};
					03F8AFC21B14425B0055352C = {
						CreatedOnToolsVersion = 6.3.2;
						TestTargetID = 03F8AFAA1B14425A0055352C;
					};
				};
			};
			buildConfigurationList = 03F8AFA61B14425A0055352C /* Build configuration list for PBXProject "popOver" */;
			compatibilityVersion = "Xcode 3.2";
			developmentRegion = English;
			hasScannedForEncodings = 0;
			knownRegions = (
				en,
				Base,
			);
			mainGroup = 03F8AFA21B14425A0055352C;
			productRefGroup = 03F8AFAC1B14425A0055352C /* Products */;
			projectDirPath = "";
			projectRoot = "";
			targets = (
				03F8AFAA1B14425A0055352C /* popOver */,
				03F8AFC21B14425B0055352C /* popOverTests */,
			);
		};
/* End PBXProject section */

/* Begin PBXResourcesBuildPhase section */
		03F8AFA91B14425A0055352C /* Resources */ = {
			isa = PBXResourcesBuildPhase;
			buildActionMask = 2147483647;
			files = (
				03F8AFB91B14425A0055352C /* Main.storyboard in Resources */,
				03F8AFBE1B14425A0055352C /* LaunchScreen.xib in Resources */,
				03F8AFBB1B14425A0055352C /* Images.xcassets in Resources */,
			);
			runOnlyForDeploymentPostprocessing = 0;
		};
		03F8AFC11B14425B0055352C /* Resources */ = {
			isa = PBXResourcesBuildPhase;
			buildActionMask = 2147483647;
			files = (
			);
			runOnlyForDeploymentPostprocessing = 0;
		};
/* End PBXResourcesBuildPhase section */

/* Begin PBXSourcesBuildPhase section */
		03F8AFA71B14425A0055352C /* Sources */ = {
			isa = PBXSourcesBuildPhase;
			buildActionMask = 2147483647;
			files = (
				03F8AFB61B14425A0055352C /* ViewController.swift in Sources */,
				03F8AFB11B14425A0055352C /* AppDelegate.swift in Sources */,
				03F8AFB41B14425A0055352C /* popOver.xcdatamodeld in Sources */,
			);
			runOnlyForDeploymentPostprocessing = 0;
		};
		03F8AFBF1B14425B0055352C /* Sources */ = {
			isa = PBXSourcesBuildPhase;
			buildActionMask = 2147483647;
			files = (
				03F8AFCA1B14425B0055352C /* popOverTests.swift in Sources */,
			);
			runOnlyForDeploymentPostprocessing = 0;
		};
/* End PBXSourcesBuildPhase section */

/* Begin PBXTargetDependency section */
		03F8AFC51B14425B0055352C /* PBXTargetDependency */ = {
			isa = PBXTargetDependency;
			target = 03F8AFAA1B14425A0055352C /* popOver */;
			targetProxy = 03F8AFC41B14425B0055352C /* PBXContainerItemProxy */;
		};
/* End PBXTargetDependency section */

/* Begin PBXVariantGroup section */
		03F8AFB71B14425A0055352C /* Main.storyboard */ = {
			isa = PBXVariantGroup;
			children = (
				03F8AFB81B14425A0055352C /* Base */,
			);
			name = Main.storyboard;
			sourceTree = "<group>";
		};
		03F8AFBC1B14425A0055352C /* LaunchScreen.xib */ = {
			isa = PBXVariantGroup;
			children = (
				03F8AFBD1B14425A0055352C /* Base */,
			);
			name = LaunchScreen.xib;
			sourceTree = "<group>";
		};
/* End PBXVariantGroup section */

/* Begin XCBuildConfiguration section */
		03F8AFCB1B14425B0055352C /* Debug */ = {
			isa = XCBuildConfiguration;
			buildSettings = {
				ALWAYS_SEARCH_USER_PATHS = NO;
				CLANG_CXX_LANGUAGE_STANDARD = "gnu++0x";
				CLANG_CXX_LIBRARY = "libc++";
				CLANG_ENABLE_MODULES = YES;
				CLANG_ENABLE_OBJC_ARC = YES;
				CLANG_WARN_BOOL_CONVERSION = YES;
				CLANG_WARN_CONSTANT_CONVERSION = YES;
				CLANG_WARN_DIRECT_OBJC_ISA_USAGE = YES_ERROR;
				CLANG_WARN_EMPTY_BODY = YES;
				CLANG_WARN_ENUM_CONVERSION = YES;
				CLANG_WARN_INT_CONVERSION = YES;
				CLANG_WARN_OBJC_ROOT_CLASS = YES_ERROR;
				CLANG_WARN_UNREACHABLE_CODE = YES;
				CLANG_WARN__DUPLICATE_METHOD_MATCH = YES;
				"CODE_SIGN_IDENTITY[sdk=iphoneos*]" = "iPhone Developer";
				COPY_PHASE_STRIP = NO;
				DEBUG_INFORMATION_FORMAT = "dwarf-with-dsym";
				ENABLE_STRICT_OBJC_MSGSEND = YES;
				GCC_C_LANGUAGE_STANDARD = gnu99;
				GCC_DYNAMIC_NO_PIC = NO;
				GCC_NO_COMMON_BLOCKS = YES;
				GCC_OPTIMIZATION_LEVEL = 0;
				GCC_PREPROCESSOR_DEFINITIONS = (
					"DEBUG=1",
					"$(inherited)",
				);
				GCC_SYMBOLS_PRIVATE_EXTERN = NO;
				GCC_WARN_64_TO_32_BIT_CONVERSION = YES;
				GCC_WARN_ABOUT_RETURN_TYPE = YES_ERROR;
				GCC_WARN_UNDECLARED_SELECTOR = YES;
				GCC_WARN_UNINITIALIZED_AUTOS = YES_AGGRESSIVE;
				GCC_WARN_UNUSED_FUNCTION = YES;
				GCC_WARN_UNUSED_VARIABLE = YES;
				IPHONEOS_DEPLOYMENT_TARGET = 8.3;
				MTL_ENABLE_DEBUG_INFO = YES;
				ONLY_ACTIVE_ARCH = YES;
				SDKROOT = iphoneos;
				SWIFT_OPTIMIZATION_LEVEL = "-Onone";
				TARGETED_DEVICE_FAMILY = "1,2";
			};
			name = Debug;
		};
		03F8AFCC1B14425B0055352C /* Release */ = {
			isa = XCBuildConfiguration;
			buildSettings = {
				ALWAYS_SEARCH_USER_PATHS = NO;
				CLANG_CXX_LANGUAGE_STANDARD = "gnu++0x";
				CLANG_CXX_LIBRARY = "libc++";
				CLANG_ENABLE_MODULES = YES;
				CLANG_ENABLE_OBJC_ARC = YES;
				CLANG_WARN_BOOL_CONVERSION = YES;
				CLANG_WARN_CONSTANT_CONVERSION = YES;
				CLANG_WARN_DIRECT_OBJC_ISA_USAGE = YES_ERROR;
				CLANG_WARN_EMPTY_BODY = YES;
				CLANG_WARN_ENUM_CONVERSION = YES;
				CLANG_WARN_INT_CONVERSION = YES;
				CLANG_WARN_OBJC_ROOT_CLASS = YES_ERROR;
				CLANG_WARN_UNREACHABLE_CODE = YES;
				CLANG_WARN__DUPLICATE_METHOD_MATCH = YES;
				"CODE_SIGN_IDENTITY[sdk=iphoneos*]" = "iPhone Developer";
				COPY_PHASE_STRIP = NO;
				DEBUG_INFORMATION_FORMAT = "dwarf-with-dsym";
				ENABLE_NS_ASSERTIONS = NO;
				ENABLE_STRICT_OBJC_MSGSEND = YES;
				GCC_C_LANGUAGE_STANDARD = gnu99;
				GCC_NO_COMMON_BLOCKS = YES;
				GCC_WARN_64_TO_32_BIT_CONVERSION = YES;
				GCC_WARN_ABOUT_RETURN_TYPE = YES_ERROR;
				GCC_WARN_UNDECLARED_SELECTOR = YES;
				GCC_WARN_UNINITIALIZED_AUTOS = YES_AGGRESSIVE;
				GCC_WARN_UNUSED_FUNCTION = YES;
				GCC_WARN_UNUSED_VARIABLE = YES;
				IPHONEOS_DEPLOYMENT_TARGET = 8.3;
				MTL_ENABLE_DEBUG_INFO = NO;
				SDKROOT = iphoneos;
				TARGETED_DEVICE_FAMILY = "1,2";
				VALIDATE_PRODUCT = YES;
			};
			name = Release;
		};
		03F8AFCE1B14425B0055352C /* Debug */ = {
			isa = XCBuildConfiguration;
			buildSettings = {
				ASSETCATALOG_COMPILER_APPICON_NAME = AppIcon;
				INFOPLIST_FILE = popOver/Info.plist;
				LD_RUNPATH_SEARCH_PATHS = "$(inherited) @executable_path/Frameworks";
				PRODUCT_NAME = "$(TARGET_NAME)";
			};
			name = Debug;
		};
		03F8AFCF1B14425B0055352C /* Release */ = {
			isa = XCBuildConfiguration;
			buildSettings = {
				ASSETCATALOG_COMPILER_APPICON_NAME = AppIcon;
				INFOPLIST_FILE = popOver/Info.plist;
				LD_RUNPATH_SEARCH_PATHS = "$(inherited) @executable_path/Frameworks";
				PRODUCT_NAME = "$(TARGET_NAME)";
			};
			name = Release;
		};
		03F8AFD11B14425B0055352C /* Debug */ = {
			isa = XCBuildConfiguration;
			buildSettings = {
				BUNDLE_LOADER = "$(TEST_HOST)";
				FRAMEWORK_SEARCH_PATHS = (
					"$(SDKROOT)/Developer/Library/Frameworks",
					"$(inherited)",
				);
				GCC_PREPROCESSOR_DEFINITIONS = (
					"DEBUG=1",
					"$(inherited)",
				);
				INFOPLIST_FILE = popOverTests/Info.plist;
				LD_RUNPATH_SEARCH_PATHS = "$(inherited) @executable_path/Frameworks @loader_path/Frameworks";
				PRODUCT_NAME = "$(TARGET_NAME)";
				TEST_HOST = "$(BUILT_PRODUCTS_DIR)/popOver.app/popOver";
			};
			name = Debug;
		};
		03F8AFD21B14425B0055352C /* Release */ = {
			isa = XCBuildConfiguration;
			buildSettings = {
				BUNDLE_LOADER = "$(TEST_HOST)";
				FRAMEWORK_SEARCH_PATHS = (
					"$(SDKROOT)/Developer/Library/Frameworks",
					"$(inherited)",
				);
				INFOPLIST_FILE = popOverTests/Info.plist;
				LD_RUNPATH_SEARCH_PATHS = "$(inherited) @executable_path/Frameworks @loader_path/Frameworks";
				PRODUCT_NAME = "$(TARGET_NAME)";
				TEST_HOST = "$(BUILT_PRODUCTS_DIR)/popOver.app/popOver";
			};
			name = Release;
		};
/* End XCBuildConfiguration section */

/* Begin XCConfigurationList section */
		03F8AFA61B14425A0055352C /* Build configuration list for PBXProject "popOver" */ = {
			isa = XCConfigurationList;
			buildConfigurations = (
				03F8AFCB1B14425B0055352C /* Debug */,
				03F8AFCC1B14425B0055352C /* Release */,
			);
			defaultConfigurationIsVisible = 0;
			defaultConfigurationName = Release;
		};
		03F8AFCD1B14425B0055352C /* Build configuration list for PBXNativeTarget "popOver" */ = {
			isa = XCConfigurationList;
			buildConfigurations = (
				03F8AFCE1B14425B0055352C /* Debug */,
				03F8AFCF1B14425B0055352C /* Release */,
			);
			defaultConfigurationIsVisible = 0;
		};
		03F8AFD01B14425B0055352C /* Build configuration list for PBXNativeTarget "popOverTests" */ = {
			isa = XCConfigurationList;
			buildConfigurations = (
				03F8AFD11B14425B0055352C /* Debug */,
				03F8AFD21B14425B0055352C /* Release */,
			);
			defaultConfigurationIsVisible = 0;
		};
/* End XCConfigurationList section */

/* Begin XCVersionGroup section */
		03F8AFB21B14425A0055352C /* popOver.xcdatamodeld */ = {
			isa = XCVersionGroup;
			children = (
				03F8AFB31B14425A0055352C /* popOver.xcdatamodel */,
			);
			currentVersion = 03F8AFB31B14425A0055352C /* popOver.xcdatamodel */;
			path = popOver.xcdatamodeld;
			sourceTree = "<group>";
			versionGroupType = wrapper.xcdatamodel;
		};
/* End XCVersionGroup section */
	};
	rootObject = 03F8AFA31B14425A0055352C /* Project object */;
}
